github.com/Azure/azure-sdk-for-go/sdk/ai/azopenai v0.5.1 h1:Wg8QvzXHaV4FRKGxX4oRxGPHhgv1kPfVuJKw3/L0e4=
github.com/Azure/azure-sdk-for-go/sdk/ai/azopenai v0.5.1/go.mod h1:L16+nQvtUokj9wNyZs2KxDfQlJmxqvIaXWBDWDHE+0=
github.com/Azure/azure-sdk-for-go/sdk/azcore v1.9.2 h1:hKMJz60lqxMrITJVD5VBuN3z0u+Y3BKv4MtK8XU2R4=
github.com/Azure/azure-sdk-for-go/sdk/azcore v1.9.2/go.mod h1:NxWuKrMEYuS7M9vPIrCnE5hJvR8crh6K6RfyK00l84=
github.com/Azure/azure-sdk-for-go/sdk/azidentity v1.5.1 h1:t/3T3hE4R+9c5iL8L7T+T8rRH9L3Ky2eDuSBqKMoM4=
github.com/Azure/azure-sdk-for-go/sdk/azidentity v1.5.1/go.mod h1:eDn1AEO7pCR0hKvBj0fYWxLIg2NG0bJQ1v9pnhdqiQ=
github.com/Azure/azure-sdk-for-go/sdk/internal v1.5.2 h1:HvEwY0fZV4t7cxBEjMQp8HNvLc5g5YDrFn6CiQy2RQ=
github.com/Azure/azure-sdk-for-go/sdk/internal v1.5.2/go.mod h1:JlcqcLn4JHEGdlbK9yM6C8U6qEfFYSBCb6ZqKl9rjA=
github.com/Azure/azure-sdk-for-go/sdk/search/azsearch v0.3.0 h1:d9qQqLyy1V1VrDkTi7waTJCVxHfRUamj2eSRIWy1Sc=
github.com/Azure/azure-sdk-for-go/sdk/search/azsearch v0.3.0/go.mod h1:YvLJu8T0TKlj68iVVc0iqVY+C8V5uBEQMlWqP3Kqoc=
github.com/AzureAD/microsoft-auth-library-for-go v1.2.2 h1:7cyBkYzw0+yRG8YZyLJhPZhYCLjhk0/DQxT0J96rE8=
github.com/AzureAD/microsoft-auth-library-for-go v1.2.2/go.mod h1:wP8zWq5+5j7XH2SZmarz/U0l6+roGHS2C1n+8EKPlE=
github.com/chi-middleware/cors v1.4.0 h1:hSqGjWkebtvLbTfKAqLGUf5J5fOF2TP2/eNvXNQHEo=
github.com/chi-middleware/cors v1.4.0/go.mod h1:xyzsQCfI2LVLfGhDaXwQUTQvjrRi1Y/PBchY4Qo7BQ=
github.com/davecgh/go-spew v1.1.0/go.mod h1:J7Y8YcW2NsaXeuLAB02E03YV4nLFm0t23ZjhZ03uX8=
github.com/davecgh/go-spew v1.1.1/go.mod h1:J7Y8YcW2NsaXeuLAB02E03YV4nLFm0t23ZjhZ03uX8=
github.com/go-chi/chi/v5 v5.0.11 h1:BnpYbFZ3T3nwWQkSgB5rSSHsUPOKzffur7+s+SNc4Y=
github.com/go-chi/chi/v5 v5.0.11/go.mod h1:DslqQvaLCXkTBeIN/7YLrgBxue9RZLeRW+ZvyjMnqQ=
github.com/go-chi/middleware v0.0.0-20240514192646-12456bc30ebd h1:YVJu7bVvVg3CKtMp1qSWFQfBPzpNlN+wXR3YcH1Uqo=
github.com/go-chi/middleware v0.0.0-20240514192646-12456bc30ebd/go.mod h1:SBRKlbYuXQQmJjw50Vv6rEhhKfJJ/d2FhgEHV7b4pM=
github.com/golang-jwt/jwt/v5 v5.2.0 h1:d/If3e4de5+J3pmAZq127fV3mVvpEgULQXaDKl+UdNM=
github.com/golang-jwt/jwt/v5 v5.2.0/go.mod h1:pqrtFR0X4osisvujPJIoMQD17DJB3eZ7l3/E4eWh7U=
github.com/google/uuid v1.6.0 h1:NIvaJDMOfsvxKRMXHeE1UR8cQqqKRYX8uyR8cF8d5o=
github.com/google/uuid v1.6.0/go.mod h1:TIyPZe4MgqvfeYDBFedMoGGpEw/LqOMVwIzoVXAZIE0=
github.com/josharian/intern v1.0.0 h1:vlS4z54oSdjm0bgjRigaEesGpIdMjlnZWaxLDED5Ow=
github.com/josharian/intern v1.0.0/go.mod h1:5DoeVV0s6T1arZcQN46M5eTR4YKN50el8P01Y3ZQB0=
github.com/joho/godotenv v1.5.1 h1:7P4SfwW3OwEsv1z0rizvVIXXCqLGFK5aFlo4MXltBE=
github.com/joho/godotenv v1.5.1/go.mod h1:f4LDr5Voq0i2e/R5DDNOoa2zzDfwtkZa6DxwEWR+0w=
github.com/klauspost/compress v1.17.5 h1:qjStQV8aq3jnysG0yVvj28tUUOK1xIJM6f+RPa1F/4=
github.com/klauspost/compress v1.17.5/go.mod h1:/dCuZOvVtNoUJSKACQualVJsM6rqLSyKh2nsHfHQqg=
github.com/mailru/easyjson v0.7.7 h1:UGYAvKxe3sBsEDzO8ZeWOSlIQfwFVxtsqWFQpEEsO8=
github.com/mailru/easyjson v0.7.7/go.mod h1:xzfreul335JAWq5oZzymOObrkdz5UnhnQJQ2AjvKVY=
github.com/pkg/browser v0.0.0-20240102092130-5ac0b6a4141c h1:+mdjkGKdHQG3305AYLvSTOv14bjQwLl2QH9w0DLKww=
github.com/pkg/browser v0.0.0-20240102092130-5ac0b6a4141c/go.mod h1:7a2ByMmN7DgRVgQqCH0RW+dEsg3gNGpXbbBUN5d4Kw=
github.com/pmezard/go-difflib v1.0.0/go.mod h1:iKH77koFhYxTK1pcRnkGLp1qkIq1SGkq8tT9+51Ohz=
github.com/pkoukk/tiktoken-go v0.1.6 h1:LS6TpHyBBKaWKxVLHrZoLPM1rYKSpx4p7H1xv9lP0s=
github.com/pkoukk/tiktoken-go v0.1.6/go.mod h1:SZDA7WFIj1e+gzXrL/HyItBN0iYkI1kHXqLBpCCwVU=
github.com/stretchr/objx v0.1.0/go.mod h1:HFkY916IF+rwdDfVvSV41txP9q36jvwKfRi7tnMEL0=
github.com/stretchr/testify v1.7.0/go.mod h1:6Fq8oRcR53rry900zMqJjRRixrwX3KX962/h/Wwjtc=
go.uber.org/multierr v1.11.0 h1:blXXJkSvEOUcP7zYg9BuucRaIrQgvnzTQEs5jtLJAI=
go.uber.org/multierr v1.11.0/go.mod h1:20+QtlOR+ZI16lAFLMAIl2KcDFlogI+aQmF1x/KytE=
go.uber.org/zap v1.26.0 h1:sI7k6L95SOKS281NrrzjRmMqKGrxXQC9aeTaxmNh40=
go.uber.org/zap v1.26.0/go.mod h1:dtElZpCW3FrH54K8F81f7SlchxeQJLb9FGX89IV5+M=
golang.org/x/crypto v0.21.0 h1:rF+pYz3DAGSFWQQo5IlDNsI+ILEtCC1n27K7E8Y5V0=
golang.org/x/crypto v0.21.0/go.mod h1:4yupZrv6FWi60tWQE3VwPI0v/gyOrwSNmKqWZ0NGeU=
golang.org/x/net v0.23.0 h1:7EYJ93RZ9ПN5cNn+uyIZoQscZRzExkp35dQxbsr482=
golang.org/x/net v0.23.0/go.mod h1:JKghWKKOSHnTzXyqOA2sxP111mlqyuQH7ysrD3BRkc=
golang.org/x/sys v0.18.0 h1:DBdB3niSjOA/O0blCZBqDefyWNYveAstKH5Cj8hyA0=
golang.org/x/sys v0.18.0/go.mod h1:/VUhepiaJMQUp4+oa/7Zr1D23ma6VTLIYjOOhl4Ik4=
golang.org/x/text v0.14.0 h1:ScX5w1eTa3QqT8eDZaZ3C3gw1VrHFQvlCI1362Ej4=
golang.org/x/text v0.14.0/go.mod h1:qYjf9aY3PMXUhdNFjjWewIybQwxcQh3MsQmm7Tn00M=
gopkg.in/yaml.v3 v3.0.1/go.mod h1:K4uyk7z7BCEPqu6E+C64Yfv1cQ7kz7rIZP27e0kYGo=
